// !$*UTF8*$!
{
	archiveVersion = 1;
	classes = {
	};
	objectVersion = 56;
	objects = {

/* Begin PBXBuildFile section */
		0F61BD3B29C9A08C00656D18 /* CategoricalBlockView.swift in Sources */ = {isa = PBXBuildFile; fileRef = 0F61BD3A29C9A08C00656D18 /* CategoricalBlockView.swift */; };
		0F61BD4229C9A27400656D18 /* MainModel.swift in Sources */ = {isa = PBXBuildFile; fileRef = 0F61BD4129C9A27400656D18 /* MainModel.swift */; };
		0F61BD4429C9A4A700656D18 /* MainViewModel.swift in Sources */ = {isa = PBXBuildFile; fileRef = 0F61BD4329C9A4A700656D18 /* MainViewModel.swift */; };
		0F61BD4629C9EF5400656D18 /* TodayView.swift in Sources */ = {isa = PBXBuildFile; fileRef = 0F61BD4529C9EF5400656D18 /* TodayView.swift */; };
		0F61BD4829CAA16300656D18 /* PlanView.swift in Sources */ = {isa = PBXBuildFile; fileRef = 0F61BD4729CAA16300656D18 /* PlanView.swift */; };
		0F61BD4A29CAA1D200656D18 /* dayTimeView.swift in Sources */ = {isa = PBXBuildFile; fileRef = 0F61BD4929CAA1D200656D18 /* dayTimeView.swift */; };
		0F61BD4C29CAAA2300656D18 /* CompleteView.swift in Sources */ = {isa = PBXBuildFile; fileRef = 0F61BD4B29CAAA2300656D18 /* CompleteView.swift */; };
		0F61BD4E29CBCE2400656D18 /* AllView.swift in Sources */ = {isa = PBXBuildFile; fileRef = 0F61BD4D29CBCE2400656D18 /* AllView.swift */; };
		0F61BD5029CBD5A600656D18 /* NewRemindSheetView.swift in Sources */ = {isa = PBXBuildFile; fileRef = 0F61BD4F29CBD5A600656D18 /* NewRemindSheetView.swift */; };
		0F61BD5229CC206B00656D18 /* NewListSheetView.swift in Sources */ = {isa = PBXBuildFile; fileRef = 0F61BD5129CC206B00656D18 /* NewListSheetView.swift */; };
		0F61BD5629CC8D5D00656D18 /* NewListViewModel.swift in Sources */ = {isa = PBXBuildFile; fileRef = 0F61BD5529CC8D5D00656D18 /* NewListViewModel.swift */; };
		0F61BD5829D176C400656D18 /* test.swift in Sources */ = {isa = PBXBuildFile; fileRef = 0F61BD5729D176C400656D18 /* test.swift */; };
		0F61BD5A29D180B600656D18 /* MainPageView.swift in Sources */ = {isa = PBXBuildFile; fileRef = 0F61BD5929D180B600656D18 /* MainPageView.swift */; };
		0F61BD5D29D1875F00656D18 /* MyListEntity.swift in Sources */ = {isa = PBXBuildFile; fileRef = 0F61BD5C29D1875F00656D18 /* MyListEntity.swift */; };
		0F61BD5F29D1880E00656D18 /* MyNewListView.swift in Sources */ = {isa = PBXBuildFile; fileRef = 0F61BD5E29D1880E00656D18 /* MyNewListView.swift */; };
		0F7C325A29C1D89400A75914 /* RemindPageView.swift in Sources */ = {isa = PBXBuildFile; fileRef = 0F7C325929C1D89400A75914 /* RemindPageView.swift */; };
		0F7C325C29C1F06C00A75914 /* CampingPageView.swift in Sources */ = {isa = PBXBuildFile; fileRef = 0F7C325B29C1F06C00A75914 /* CampingPageView.swift */; };
		0F8C092929C1A85E004FC24E /* MPD_Lab1App.swift in Sources */ = {isa = PBXBuildFile; fileRef = 0F8C092829C1A85E004FC24E /* MPD_Lab1App.swift */; };
		0F8C092D29C1A860004FC24E /* Assets.xcassets in Resources */ = {isa = PBXBuildFile; fileRef = 0F8C092C29C1A860004FC24E /* Assets.xcassets */; };
		0F8C093029C1A860004FC24E /* Preview Assets.xcassets in Resources */ = {isa = PBXBuildFile; fileRef = 0F8C092F29C1A860004FC24E /* Preview Assets.xcassets */; };
/* End PBXBuildFile section */

/* Begin PBXFileReference section */
		0F61BD3A29C9A08C00656D18 /* CategoricalBlockView.swift */ = {isa = PBXFileReference; lastKnownFileType = sourcecode.swift; path = CategoricalBlockView.swift; sourceTree = "<group>"; };
		0F61BD4129C9A27400656D18 /* MainModel.swift */ = {isa = PBXFileReference; lastKnownFileType = sourcecode.swift; path = MainModel.swift; sourceTree = "<group>"; };
		0F61BD4329C9A4A700656D18 /* MainViewModel.swift */ = {isa = PBXFileReference; lastKnownFileType = sourcecode.swift; path = MainViewModel.swift; sourceTree = "<group>"; };
		0F61BD4529C9EF5400656D18 /* TodayView.swift */ = {isa = PBXFileReference; lastKnownFileType = sourcecode.swift; path = TodayView.swift; sourceTree = "<group>"; };
		0F61BD4729CAA16300656D18 /* PlanView.swift */ = {isa = PBXFileReference; lastKnownFileType = sourcecode.swift; path = PlanView.swift; sourceTree = "<group>"; };
		0F61BD4929CAA1D200656D18 /* dayTimeView.swift */ = {isa = PBXFileReference; lastKnownFileType = sourcecode.swift; path = dayTimeView.swift; sourceTree = "<group>"; };
		0F61BD4B29CAAA2300656D18 /* CompleteView.swift */ = {isa = PBXFileReference; lastKnownFileType = sourcecode.swift; path = CompleteView.swift; sourceTree = "<group>"; };
		0F61BD4D29CBCE2400656D18 /* AllView.swift */ = {isa = PBXFileReference; lastKnownFileType = sourcecode.swift; path = AllView.swift; sourceTree = "<group>"; };
		0F61BD4F29CBD5A600656D18 /* NewRemindSheetView.swift */ = {isa = PBXFileReference; lastKnownFileType = sourcecode.swift; path = NewRemindSheetView.swift; sourceTree = "<group>"; };
		0F61BD5129CC206B00656D18 /* NewListSheetView.swift */ = {isa = PBXFileReference; lastKnownFileType = sourcecode.swift; path = NewListSheetView.swift; sourceTree = "<group>"; };
		0F61BD5529CC8D5D00656D18 /* NewListViewModel.swift */ = {isa = PBXFileReference; lastKnownFileType = sourcecode.swift; path = NewListViewModel.swift; sourceTree = "<group>"; };
		0F61BD5729D176C400656D18 /* test.swift */ = {isa = PBXFileReference; lastKnownFileType = sourcecode.swift; path = test.swift; sourceTree = "<group>"; };
		0F61BD5929D180B600656D18 /* MainPageView.swift */ = {isa = PBXFileReference; lastKnownFileType = sourcecode.swift; path = MainPageView.swift; sourceTree = "<group>"; };
		0F61BD5C29D1875F00656D18 /* MyListEntity.swift */ = {isa = PBXFileReference; lastKnownFileType = sourcecode.swift; path = MyListEntity.swift; sourceTree = "<group>"; };
		0F61BD5E29D1880E00656D18 /* MyNewListView.swift */ = {isa = PBXFileReference; lastKnownFileType = sourcecode.swift; path = MyNewListView.swift; sourceTree = "<group>"; };
		0F7C325929C1D89400A75914 /* RemindPageView.swift */ = {isa = PBXFileReference; lastKnownFileType = sourcecode.swift; path = RemindPageView.swift; sourceTree = "<group>"; };
		0F7C325B29C1F06C00A75914 /* CampingPageView.swift */ = {isa = PBXFileReference; lastKnownFileType = sourcecode.swift; path = CampingPageView.swift; sourceTree = "<group>"; };
		0F8C092529C1A85E004FC24E /* MPD_Lab1.app */ = {isa = PBXFileReference; explicitFileType = wrapper.application; includeInIndex = 0; path = MPD_Lab1.app; sourceTree = BUILT_PRODUCTS_DIR; };
		0F8C092829C1A85E004FC24E /* MPD_Lab1App.swift */ = {isa = PBXFileReference; lastKnownFileType = sourcecode.swift; path = MPD_Lab1App.swift; sourceTree = "<group>"; };
		0F8C092C29C1A860004FC24E /* Assets.xcassets */ = {isa = PBXFileReference; lastKnownFileType = folder.assetcatalog; path = Assets.xcassets; sourceTree = "<group>"; };
		0F8C092F29C1A860004FC24E /* Preview Assets.xcassets */ = {isa = PBXFileReference; lastKnownFileType = folder.assetcatalog; path = "Preview Assets.xcassets"; sourceTree = "<group>"; };
/* End PBXFileReference section */

/* Begin PBXFrameworksBuildPhase section */
		0F8C092229C1A85E004FC24E /* Frameworks */ = {
			isa = PBXFrameworksBuildPhase;
			buildActionMask = 2147483647;
			files = (
			);
			runOnlyForDeploymentPostprocessing = 0;
		};
/* End PBXFrameworksBuildPhase section */

/* Begin PBXGroup section */
		0F61BD3E29C9A15B00656D18 /* View */ = {
			isa = PBXGroup;
			children = (
				0F61BD4529C9EF5400656D18 /* TodayView.swift */,
				0F61BD4929CAA1D200656D18 /* dayTimeView.swift */,
				0F61BD4729CAA16300656D18 /* PlanView.swift */,
				0F61BD4B29CAAA2300656D18 /* CompleteView.swift */,
				0F61BD4D29CBCE2400656D18 /* AllView.swift */,
				0F61BD5729D176C400656D18 /* test.swift */,
			);
			path = View;
			sourceTree = "<group>";
		};
		0F61BD3F29C9A19900656D18 /* ViewModel */ = {
			isa = PBXGroup;
			children = (
				0F61BD4329C9A4A700656D18 /* MainViewModel.swift */,
				0F61BD5529CC8D5D00656D18 /* NewListViewModel.swift */,
			);
			path = ViewModel;
			sourceTree = "<group>";
		};
		0F61BD4029C9A1A200656D18 /* Model */ = {
			isa = PBXGroup;
			children = (
				0F61BD5B29D1874B00656D18 /* Entity */,
				0F61BD4129C9A27400656D18 /* MainModel.swift */,
			);
			path = Model;
			sourceTree = "<group>";
		};
		0F61BD5B29D1874B00656D18 /* Entity */ = {
			isa = PBXGroup;
			children = (
				0F61BD5C29D1875F00656D18 /* MyListEntity.swift */,
			);
			path = Entity;
			sourceTree = "<group>";
		};
		0F8C091C29C1A85E004FC24E = {
			isa = PBXGroup;
			children = (
				0F8C092729C1A85E004FC24E /* MPD_Lab1 */,
				0F8C092629C1A85E004FC24E /* Products */,
			);
			sourceTree = "<group>";
		};
		0F8C092629C1A85E004FC24E /* Products */ = {
			isa = PBXGroup;
			children = (
				0F8C092529C1A85E004FC24E /* MPD_Lab1.app */,
			);
			name = Products;
			sourceTree = "<group>";
		};
		0F8C092729C1A85E004FC24E /* MPD_Lab1 */ = {
			isa = PBXGroup;
			children = (
				0F61BD4029C9A1A200656D18 /* Model */,
				0F61BD3F29C9A19900656D18 /* ViewModel */,
				0F61BD3E29C9A15B00656D18 /* View */,
				0F8C092829C1A85E004FC24E /* MPD_Lab1App.swift */,
				0F61BD5929D180B600656D18 /* MainPageView.swift */,
				0F8C092C29C1A860004FC24E /* Assets.xcassets */,
				0F8C092E29C1A860004FC24E /* Preview Content */,
				0F61BD5E29D1880E00656D18 /* MyNewListView.swift */,
				0F61BD3A29C9A08C00656D18 /* CategoricalBlockView.swift */,
				0F61BD4F29CBD5A600656D18 /* NewRemindSheetView.swift */,
				0F61BD5129CC206B00656D18 /* NewListSheetView.swift */,
				0F7C325929C1D89400A75914 /* RemindPageView.swift */,
				0F7C325B29C1F06C00A75914 /* CampingPageView.swift */,
			);
			path = MPD_Lab1;
			sourceTree = "<group>";
		};
		0F8C092E29C1A860004FC24E /* Preview Content */ = {
			isa = PBXGroup;
			children = (
				0F8C092F29C1A860004FC24E /* Preview Assets.xcassets */,
			);
			path = "Preview Content";
			sourceTree = "<group>";
		};
/* End PBXGroup section */

/* Begin PBXNativeTarget section */
		0F8C092429C1A85E004FC24E /* MPD_Lab1 */ = {
			isa = PBXNativeTarget;
			buildConfigurationList = 0F8C093329C1A860004FC24E /* Build configuration list for PBXNativeTarget "MPD_Lab1" */;
			buildPhases = (
				0F8C092129C1A85E004FC24E /* Sources */,
				0F8C092229C1A85E004FC24E /* Frameworks */,
				0F8C092329C1A85E004FC24E /* Resources */,
			);
			buildRules = (
			);
			dependencies = (
			);
			name = MPD_Lab1;
			productName = MPD_Lab1;
			productReference = 0F8C092529C1A85E004FC24E /* MPD_Lab1.app */;
			productType = "com.apple.product-type.application";
		};
/* End PBXNativeTarget section */

/* Begin PBXProject section */
		0F8C091D29C1A85E004FC24E /* Project object */ = {
			isa = PBXProject;
			attributes = {
				BuildIndependentTargetsInParallel = 1;
				LastSwiftUpdateCheck = 1420;
				LastUpgradeCheck = 1420;
				TargetAttributes = {
					0F8C092429C1A85E004FC24E = {
						CreatedOnToolsVersion = 14.2;
					};
				};
			};
			buildConfigurationList = 0F8C092029C1A85E004FC24E /* Build configuration list for PBXProject "MPD_Lab1" */;
			compatibilityVersion = "Xcode 14.0";
			developmentRegion = en;
			hasScannedForEncodings = 0;
			knownRegions = (
				en,
				Base,
			);
			mainGroup = 0F8C091C29C1A85E004FC24E;
			productRefGroup = 0F8C092629C1A85E004FC24E /* Products */;
			projectDirPath = "";
			projectRoot = "";
			targets = (
				0F8C092429C1A85E004FC24E /* MPD_Lab1 */,
			);
		};
/* End PBXProject section */

/* Begin PBXResourcesBuildPhase section */
		0F8C092329C1A85E004FC24E /* Resources */ = {
			isa = PBXResourcesBuildPhase;
			buildActionMask = 2147483647;
			files = (
				0F8C093029C1A860004FC24E /* Preview Assets.xcassets in Resources */,
				0F8C092D29C1A860004FC24E /* Assets.xcassets in Resources */,
			);
			runOnlyForDeploymentPostprocessing = 0;
		};
/* End PBXResourcesBuildPhase section */

/* Begin PBXSourcesBuildPhase section */
		0F8C092129C1A85E004FC24E /* Sources */ = {
			isa = PBXSourcesBuildPhase;
			buildActionMask = 2147483647;
			files = (
				0F61BD5029CBD5A600656D18 /* NewRemindSheetView.swift in Sources */,
				0F61BD5829D176C400656D18 /* test.swift in Sources */,
				0F61BD4E29CBCE2400656D18 /* AllView.swift in Sources */,
				0F61BD5F29D1880E00656D18 /* MyNewListView.swift in Sources */,
				0F61BD5629CC8D5D00656D18 /* NewListViewModel.swift in Sources */,
				0F7C325A29C1D89400A75914 /* RemindPageView.swift in Sources */,
				0F61BD4229C9A27400656D18 /* MainModel.swift in Sources */,
				0F61BD5A29D180B600656D18 /* MainPageView.swift in Sources */,
				0F61BD4629C9EF5400656D18 /* TodayView.swift in Sources */,
				0F61BD4C29CAAA2300656D18 /* CompleteView.swift in Sources */,
				0F7C325C29C1F06C00A75914 /* CampingPageView.swift in Sources */,
				0F61BD4A29CAA1D200656D18 /* dayTimeView.swift in Sources */,
				0F61BD3B29C9A08C00656D18 /* CategoricalBlockView.swift in Sources */,
				0F8C092929C1A85E004FC24E /* MPD_Lab1App.swift in Sources */,
				0F61BD5229CC206B00656D18 /* NewListSheetView.swift in Sources */,
				0F61BD4429C9A4A700656D18 /* MainViewModel.swift in Sources */,
				0F61BD5D29D1875F00656D18 /* MyListEntity.swift in Sources */,
				0F61BD4829CAA16300656D18 /* PlanView.swift in Sources */,
			);
			runOnlyForDeploymentPostprocessing = 0;
		};
/* End PBXSourcesBuildPhase section */

/* Begin XCBuildConfiguration section */
		0F8C093129C1A860004FC24E /* Debug */ = {
			isa = XCBuildConfiguration;
			buildSettings = {
				ALWAYS_SEARCH_USER_PATHS = NO;
				CLANG_ANALYZER_NONNULL = YES;
				CLANG_ANALYZER_NUMBER_OBJECT_CONVERSION = YES_AGGRESSIVE;
				CLANG_CXX_LANGUAGE_STANDARD = "gnu++20";
				CLANG_ENABLE_MODULES = YES;
				CLANG_ENABLE_OBJC_ARC = YES;
				CLANG_ENABLE_OBJC_WEAK = YES;
				CLANG_WARN_BLOCK_CAPTURE_AUTORELEASING = YES;
				CLANG_WARN_BOOL_CONVERSION = YES;
				CLANG_WARN_COMMA = YES;
				CLANG_WARN_CONSTANT_CONVERSION = YES;
				CLANG_WARN_DEPRECATED_OBJC_IMPLEMENTATIONS = YES;
				CLANG_WARN_DIRECT_OBJC_ISA_USAGE = YES_ERROR;
				CLANG_WARN_DOCUMENTATION_COMMENTS = YES;
				CLANG_WARN_EMPTY_BODY = YES;
				CLANG_WARN_ENUM_CONVERSION = YES;
				CLANG_WARN_INFINITE_RECURSION = YES;
				CLANG_WARN_INT_CONVERSION = YES;
				CLANG_WARN_NON_LITERAL_NULL_CONVERSION = YES;
				CLANG_WARN_OBJC_IMPLICIT_RETAIN_SELF = YES;
				CLANG_WARN_OBJC_LITERAL_CONVERSION = YES;
				CLANG_WARN_OBJC_ROOT_CLASS = YES_ERROR;
				CLANG_WARN_QUOTED_INCLUDE_IN_FRAMEWORK_HEADER = YES;
				CLANG_WARN_RANGE_LOOP_ANALYSIS = YES;
				CLANG_WARN_STRICT_PROTOTYPES = YES;
				CLANG_WARN_SUSPICIOUS_MOVE = YES;
				CLANG_WARN_UNGUARDED_AVAILABILITY = YES_AGGRESSIVE;
				CLANG_WARN_UNREACHABLE_CODE = YES;
				CLANG_WARN__DUPLICATE_METHOD_MATCH = YES;
				COPY_PHASE_STRIP = NO;
				DEBUG_INFORMATION_FORMAT = dwarf;
				ENABLE_STRICT_OBJC_MSGSEND = YES;
				ENABLE_TESTABILITY = YES;
				GCC_C_LANGUAGE_STANDARD = gnu11;
				GCC_DYNAMIC_NO_PIC = NO;
				GCC_NO_COMMON_BLOCKS = YES;
				GCC_OPTIMIZATION_LEVEL = 0;
				GCC_PREPROCESSOR_DEFINITIONS = (
					"DEBUG=1",
					"$(inherited)",
				);
				GCC_WARN_64_TO_32_BIT_CONVERSION = YES;
				GCC_WARN_ABOUT_RETURN_TYPE = YES_ERROR;
				GCC_WARN_UNDECLARED_SELECTOR = YES;
				GCC_WARN_UNINITIALIZED_AUTOS = YES_AGGRESSIVE;
				GCC_WARN_UNUSED_FUNCTION = YES;
				GCC_WARN_UNUSED_VARIABLE = YES;
				IPHONEOS_DEPLOYMENT_TARGET = 16.2;
				MTL_ENABLE_DEBUG_INFO = INCLUDE_SOURCE;
				MTL_FAST_MATH = YES;
				ONLY_ACTIVE_ARCH = YES;
				SDKROOT = iphoneos;
				SWIFT_ACTIVE_COMPILATION_CONDITIONS = DEBUG;
				SWIFT_OPTIMIZATION_LEVEL = "-Onone";
			};
			name = Debug;
		};
		0F8C093229C1A860004FC24E /* Release */ = {
			isa = XCBuildConfiguration;
			buildSettings = {
				ALWAYS_SEARCH_USER_PATHS = NO;
				CLANG_ANALYZER_NONNULL = YES;
				CLANG_ANALYZER_NUMBER_OBJECT_CONVERSION = YES_AGGRESSIVE;
				CLANG_CXX_LANGUAGE_STANDARD = "gnu++20";
				CLANG_ENABLE_MODULES = YES;
				CLANG_ENABLE_OBJC_ARC = YES;
				CLANG_ENABLE_OBJC_WEAK = YES;
				CLANG_WARN_BLOCK_CAPTURE_AUTORELEASING = YES;
				CLANG_WARN_BOOL_CONVERSION = YES;
				CLANG_WARN_COMMA = YES;
				CLANG_WARN_CONSTANT_CONVERSION = YES;
				CLANG_WARN_DEPRECATED_OBJC_IMPLEMENTATIONS = YES;
				CLANG_WARN_DIRECT_OBJC_ISA_USAGE = YES_ERROR;
				CLANG_WARN_DOCUMENTATION_COMMENTS = YES;
				CLANG_WARN_EMPTY_BODY = YES;
				CLANG_WARN_ENUM_CONVERSION = YES;
				CLANG_WARN_INFINITE_RECURSION = YES;
				CLANG_WARN_INT_CONVERSION = YES;
				CLANG_WARN_NON_LITERAL_NULL_CONVERSION = YES;
				CLANG_WARN_OBJC_IMPLICIT_RETAIN_SELF = YES;
				CLANG_WARN_OBJC_LITERAL_CONVERSION = YES;
				CLANG_WARN_OBJC_ROOT_CLASS = YES_ERROR;
				CLANG_WARN_QUOTED_INCLUDE_IN_FRAMEWORK_HEADER = YES;
				CLANG_WARN_RANGE_LOOP_ANALYSIS = YES;
				CLANG_WARN_STRICT_PROTOTYPES = YES;
				CLANG_WARN_SUSPICIOUS_MOVE = YES;
				CLANG_WARN_UNGUARDED_AVAILABILITY = YES_AGGRESSIVE;
				CLANG_WARN_UNREACHABLE_CODE = YES;
				CLANG_WARN__DUPLICATE_METHOD_MATCH = YES;
				COPY_PHASE_STRIP = NO;
				DEBUG_INFORMATION_FORMAT = "dwarf-with-dsym";
				ENABLE_NS_ASSERTIONS = NO;
				ENABLE_STRICT_OBJC_MSGSEND = YES;
				GCC_C_LANGUAGE_STANDARD = gnu11;
				GCC_NO_COMMON_BLOCKS = YES;
				GCC_WARN_64_TO_32_BIT_CONVERSION = YES;
				GCC_WARN_ABOUT_RETURN_TYPE = YES_ERROR;
				GCC_WARN_UNDECLARED_SELECTOR = YES;
				GCC_WARN_UNINITIALIZED_AUTOS = YES_AGGRESSIVE;
				GCC_WARN_UNUSED_FUNCTION = YES;
				GCC_WARN_UNUSED_VARIABLE = YES;
				IPHONEOS_DEPLOYMENT_TARGET = 16.2;
				MTL_ENABLE_DEBUG_INFO = NO;
				MTL_FAST_MATH = YES;
				SDKROOT = iphoneos;
				SWIFT_COMPILATION_MODE = wholemodule;
				SWIFT_OPTIMIZATION_LEVEL = "-O";
				VALIDATE_PRODUCT = YES;
			};
			name = Release;
		};
		0F8C093429C1A860004FC24E /* Debug */ = {
			isa = XCBuildConfiguration;
			buildSettings = {
				ASSETCATALOG_COMPILER_APPICON_NAME = AppIcon;
				ASSETCATALOG_COMPILER_GLOBAL_ACCENT_COLOR_NAME = AccentColor;
				CODE_SIGN_STYLE = Automatic;
				CURRENT_PROJECT_VERSION = 1;
				DEVELOPMENT_ASSET_PATHS = "\"MPD_Lab1/Preview Content\"";
				DEVELOPMENT_TEAM = YLQQP958MS;
				ENABLE_PREVIEWS = YES;
				GENERATE_INFOPLIST_FILE = YES;
				INFOPLIST_KEY_UIApplicationSceneManifest_Generation = YES;
				INFOPLIST_KEY_UIApplicationSupportsIndirectInputEvents = YES;
				INFOPLIST_KEY_UILaunchScreen_Generation = YES;
				INFOPLIST_KEY_UISupportedInterfaceOrientations_iPad = "UIInterfaceOrientationPortrait UIInterfaceOrientationPortraitUpsideDown UIInterfaceOrientationLandscapeLeft UIInterfaceOrientationLandscapeRight";
				INFOPLIST_KEY_UISupportedInterfaceOrientations_iPhone = "UIInterfaceOrientationPortrait UIInterfaceOrientationLandscapeLeft UIInterfaceOrientationLandscapeRight";
				LD_RUNPATH_SEARCH_PATHS = (
					"$(inherited)",
					"@executable_path/Frameworks",
				);
				MARKETING_VERSION = 1.0;
				PRODUCT_BUNDLE_IDENTIFIER = "com.163.rushcrazy-1.MPD-Lab1";
				PRODUCT_NAME = "$(TARGET_NAME)";
				SWIFT_EMIT_LOC_STRINGS = YES;
				SWIFT_VERSION = 5.0;
				TARGETED_DEVICE_FAMILY = "1,2";
			};
			name = Debug;
		};
		0F8C093529C1A860004FC24E /* Release */ = {
			isa = XCBuildConfiguration;
			buildSettings = {
				ASSETCATALOG_COMPILER_APPICON_NAME = AppIcon;
				ASSETCATALOG_COMPILER_GLOBAL_ACCENT_COLOR_NAME = AccentColor;
				CODE_SIGN_STYLE = Automatic;
				CURRENT_PROJECT_VERSION = 1;
				DEVELOPMENT_ASSET_PATHS = "\"MPD_Lab1/Preview Content\"";
				DEVELOPMENT_TEAM = YLQQP958MS;
				ENABLE_PREVIEWS = YES;
				GENERATE_INFOPLIST_FILE = YES;
				INFOPLIST_KEY_UIApplicationSceneManifest_Generation = YES;
				INFOPLIST_KEY_UIApplicationSupportsIndirectInputEvents = YES;
				INFOPLIST_KEY_UILaunchScreen_Generation = YES;
				INFOPLIST_KEY_UISupportedInterfaceOrientations_iPad = "UIInterfaceOrientationPortrait UIInterfaceOrientationPortraitUpsideDown UIInterfaceOrientationLandscapeLeft UIInterfaceOrientationLandscapeRight";
				INFOPLIST_KEY_UISupportedInterfaceOrientations_iPhone = "UIInterfaceOrientationPortrait UIInterfaceOrientationLandscapeLeft UIInterfaceOrientationLandscapeRight";
				LD_RUNPATH_SEARCH_PATHS = (
					"$(inherited)",
					"@executable_path/Frameworks",
				);
				MARKETING_VERSION = 1.0;
				PRODUCT_BUNDLE_IDENTIFIER = "com.163.rushcrazy-1.MPD-Lab1";
				PRODUCT_NAME = "$(TARGET_NAME)";
				SWIFT_EMIT_LOC_STRINGS = YES;
				SWIFT_VERSION = 5.0;
				TARGETED_DEVICE_FAMILY = "1,2";
			};
			name = Release;
		};
/* End XCBuildConfiguration section */

/* Begin XCConfigurationList section */
		0F8C092029C1A85E004FC24E /* Build configuration list for PBXProject "MPD_Lab1" */ = {
			isa = XCConfigurationList;
			buildConfigurations = (
				0F8C093129C1A860004FC24E /* Debug */,
				0F8C093229C1A860004FC24E /* Release */,
			);
			defaultConfigurationIsVisible = 0;
			defaultConfigurationName = Release;
		};
		0F8C093329C1A860004FC24E /* Build configuration list for PBXNativeTarget "MPD_Lab1" */ = {
			isa = XCConfigurationList;
			buildConfigurations = (
				0F8C093429C1A860004FC24E /* Debug */,
				0F8C093529C1A860004FC24E /* Release */,
			);
			defaultConfigurationIsVisible = 0;
			defaultConfigurationName = Release;
		};
/* End XCConfigurationList section */
	};
	rootObject = 0F8C091D29C1A85E004FC24E /* Project object */;
}
